// !$*UTF8*$!
{
	archiveVersion = 1;
	classes = {
	};
	objectVersion = 50;
	objects = {

/* Begin PBXBuildFile section */
		7595D44426F96DEB000D0C57 /* AppDelegate.swift in Sources */ = {isa = PBXBuildFile; fileRef = 7595D44326F96DEB000D0C57 /* AppDelegate.swift */; };
		7595D44626F96DEB000D0C57 /* SceneDelegate.swift in Sources */ = {isa = PBXBuildFile; fileRef = 7595D44526F96DEB000D0C57 /* SceneDelegate.swift */; };
		7595D44826F96DEB000D0C57 /* ViewController.swift in Sources */ = {isa = PBXBuildFile; fileRef = 7595D44726F96DEB000D0C57 /* ViewController.swift */; };
		7595D44B26F96DEB000D0C57 /* Main.storyboard in Resources */ = {isa = PBXBuildFile; fileRef = 7595D44926F96DEB000D0C57 /* Main.storyboard */; };
		7595D44D26F96DEE000D0C57 /* Assets.xcassets in Resources */ = {isa = PBXBuildFile; fileRef = 7595D44C26F96DEE000D0C57 /* Assets.xcassets */; };
		7595D45026F96DEE000D0C57 /* LaunchScreen.storyboard in Resources */ = {isa = PBXBuildFile; fileRef = 7595D44E26F96DEE000D0C57 /* LaunchScreen.storyboard */; };
		7595D45A26F96F59000D0C57 /* ViewCode.swift in Sources */ = {isa = PBXBuildFile; fileRef = 7595D45926F96F59000D0C57 /* ViewCode.swift */; };
		7595D45D26F96FCB000D0C57 /* NSLayoutConstraint+Extensions.swift in Sources */ = {isa = PBXBuildFile; fileRef = 7595D45C26F96FCB000D0C57 /* NSLayoutConstraint+Extensions.swift */; };
		7595D46326F97243000D0C57 /* CheckBoxStyle.swift in Sources */ = {isa = PBXBuildFile; fileRef = 7595D46226F97243000D0C57 /* CheckBoxStyle.swift */; };
		7595D46526F973FC000D0C57 /* CheckBox.swift in Sources */ = {isa = PBXBuildFile; fileRef = 7595D46426F973FC000D0C57 /* CheckBox.swift */; };
		7595D46A26F978DE000D0C57 /* CheckBoxView.swift in Sources */ = {isa = PBXBuildFile; fileRef = 7595D46926F978DE000D0C57 /* CheckBoxView.swift */; };
		7595D46C26F978F6000D0C57 /* CheckBoxViewController.swift in Sources */ = {isa = PBXBuildFile; fileRef = 7595D46B26F978F6000D0C57 /* CheckBoxViewController.swift */; };
		7595D47126F99111000D0C57 /* AccordionProtocol.swift in Sources */ = {isa = PBXBuildFile; fileRef = 7595D47026F99111000D0C57 /* AccordionProtocol.swift */; };
		7595D47426F9915C000D0C57 /* Accordion.swift in Sources */ = {isa = PBXBuildFile; fileRef = 7595D47326F9915C000D0C57 /* Accordion.swift */; };
		7595D47726F992A5000D0C57 /* AccordionStyle.swift in Sources */ = {isa = PBXBuildFile; fileRef = 7595D47626F992A5000D0C57 /* AccordionStyle.swift */; };
		7595D47A26F9B2E7000D0C57 /* CheckBoxStyleDelegate.swift in Sources */ = {isa = PBXBuildFile; fileRef = 7595D47926F9B2E7000D0C57 /* CheckBoxStyleDelegate.swift */; };
		7595D47F26F9B3CC000D0C57 /* AccordionView.swift in Sources */ = {isa = PBXBuildFile; fileRef = 7595D47E26F9B3CC000D0C57 /* AccordionView.swift */; };
		7595D48126F9B42A000D0C57 /* AccordionViewController.swift in Sources */ = {isa = PBXBuildFile; fileRef = 7595D48026F9B42A000D0C57 /* AccordionViewController.swift */; };
		7595D4A626FA6515000D0C57 /* CheckBoxTests.swift in Sources */ = {isa = PBXBuildFile; fileRef = 7595D4A526FA6515000D0C57 /* CheckBoxTests.swift */; };
/* End PBXBuildFile section */

/* Begin PBXContainerItemProxy section */
		7595D49F26FA64EF000D0C57 /* PBXContainerItemProxy */ = {
			isa = PBXContainerItemProxy;
			containerPortal = 7595D43826F96DEB000D0C57 /* Project object */;
			proxyType = 1;
			remoteGlobalIDString = 7595D43F26F96DEB000D0C57;
			remoteInfo = Components;
		};
/* End PBXContainerItemProxy section */

/* Begin PBXFileReference section */
		7595D44026F96DEB000D0C57 /* Components.app */ = {isa = PBXFileReference; explicitFileType = wrapper.application; includeInIndex = 0; path = Components.app; sourceTree = BUILT_PRODUCTS_DIR; };
		7595D44326F96DEB000D0C57 /* AppDelegate.swift */ = {isa = PBXFileReference; lastKnownFileType = sourcecode.swift; path = AppDelegate.swift; sourceTree = "<group>"; };
		7595D44526F96DEB000D0C57 /* SceneDelegate.swift */ = {isa = PBXFileReference; lastKnownFileType = sourcecode.swift; path = SceneDelegate.swift; sourceTree = "<group>"; };
		7595D44726F96DEB000D0C57 /* ViewController.swift */ = {isa = PBXFileReference; lastKnownFileType = sourcecode.swift; path = ViewController.swift; sourceTree = "<group>"; };
		7595D44A26F96DEB000D0C57 /* Base */ = {isa = PBXFileReference; lastKnownFileType = file.storyboard; name = Base; path = Base.lproj/Main.storyboard; sourceTree = "<group>"; };
		7595D44C26F96DEE000D0C57 /* Assets.xcassets */ = {isa = PBXFileReference; lastKnownFileType = folder.assetcatalog; path = Assets.xcassets; sourceTree = "<group>"; };
		7595D44F26F96DEE000D0C57 /* Base */ = {isa = PBXFileReference; lastKnownFileType = file.storyboard; name = Base; path = Base.lproj/LaunchScreen.storyboard; sourceTree = "<group>"; };
		7595D45126F96DEE000D0C57 /* Info.plist */ = {isa = PBXFileReference; lastKnownFileType = text.plist.xml; path = Info.plist; sourceTree = "<group>"; };
		7595D45926F96F59000D0C57 /* ViewCode.swift */ = {isa = PBXFileReference; lastKnownFileType = sourcecode.swift; path = ViewCode.swift; sourceTree = "<group>"; };
		7595D45C26F96FCB000D0C57 /* NSLayoutConstraint+Extensions.swift */ = {isa = PBXFileReference; lastKnownFileType = sourcecode.swift; path = "NSLayoutConstraint+Extensions.swift"; sourceTree = "<group>"; };
		7595D46226F97243000D0C57 /* CheckBoxStyle.swift */ = {isa = PBXFileReference; lastKnownFileType = sourcecode.swift; path = CheckBoxStyle.swift; sourceTree = "<group>"; };
		7595D46426F973FC000D0C57 /* CheckBox.swift */ = {isa = PBXFileReference; lastKnownFileType = sourcecode.swift; path = CheckBox.swift; sourceTree = "<group>"; };
		7595D46926F978DE000D0C57 /* CheckBoxView.swift */ = {isa = PBXFileReference; lastKnownFileType = sourcecode.swift; path = CheckBoxView.swift; sourceTree = "<group>"; };
		7595D46B26F978F6000D0C57 /* CheckBoxViewController.swift */ = {isa = PBXFileReference; lastKnownFileType = sourcecode.swift; path = CheckBoxViewController.swift; sourceTree = "<group>"; };
		7595D47026F99111000D0C57 /* AccordionProtocol.swift */ = {isa = PBXFileReference; lastKnownFileType = sourcecode.swift; path = AccordionProtocol.swift; sourceTree = "<group>"; };
		7595D47326F9915C000D0C57 /* Accordion.swift */ = {isa = PBXFileReference; lastKnownFileType = sourcecode.swift; path = Accordion.swift; sourceTree = "<group>"; };
		7595D47626F992A5000D0C57 /* AccordionStyle.swift */ = {isa = PBXFileReference; lastKnownFileType = sourcecode.swift; path = AccordionStyle.swift; sourceTree = "<group>"; };
		7595D47926F9B2E7000D0C57 /* CheckBoxStyleDelegate.swift */ = {isa = PBXFileReference; lastKnownFileType = sourcecode.swift; path = CheckBoxStyleDelegate.swift; sourceTree = "<group>"; };
		7595D47E26F9B3CC000D0C57 /* AccordionView.swift */ = {isa = PBXFileReference; lastKnownFileType = sourcecode.swift; path = AccordionView.swift; sourceTree = "<group>"; };
		7595D48026F9B42A000D0C57 /* AccordionViewController.swift */ = {isa = PBXFileReference; lastKnownFileType = sourcecode.swift; path = AccordionViewController.swift; sourceTree = "<group>"; };
		7595D49A26FA64EF000D0C57 /* ComponentsTests.xctest */ = {isa = PBXFileReference; explicitFileType = wrapper.cfbundle; includeInIndex = 0; path = ComponentsTests.xctest; sourceTree = BUILT_PRODUCTS_DIR; };
		7595D49E26FA64EF000D0C57 /* Info.plist */ = {isa = PBXFileReference; lastKnownFileType = text.plist.xml; path = Info.plist; sourceTree = "<group>"; };
		7595D4A426FA6514000D0C57 /* ComponentsTests-Bridging-Header.h */ = {isa = PBXFileReference; lastKnownFileType = sourcecode.c.h; path = "ComponentsTests-Bridging-Header.h"; sourceTree = "<group>"; };
		7595D4A526FA6515000D0C57 /* CheckBoxTests.swift */ = {isa = PBXFileReference; lastKnownFileType = sourcecode.swift; path = CheckBoxTests.swift; sourceTree = "<group>"; };
/* End PBXFileReference section */

/* Begin PBXFrameworksBuildPhase section */
		7595D43D26F96DEB000D0C57 /* Frameworks */ = {
			isa = PBXFrameworksBuildPhase;
			buildActionMask = 2147483647;
			files = (
			);
			runOnlyForDeploymentPostprocessing = 0;
		};
		7595D49726FA64EF000D0C57 /* Frameworks */ = {
			isa = PBXFrameworksBuildPhase;
			buildActionMask = 2147483647;
			files = (
			);
			runOnlyForDeploymentPostprocessing = 0;
		};
/* End PBXFrameworksBuildPhase section */

/* Begin PBXGroup section */
		7595D43726F96DEB000D0C57 = {
			isa = PBXGroup;
			children = (
				7595D44226F96DEB000D0C57 /* Components */,
				7595D49B26FA64EF000D0C57 /* ComponentsTests */,
				7595D44126F96DEB000D0C57 /* Products */,
			);
			sourceTree = "<group>";
		};
		7595D44126F96DEB000D0C57 /* Products */ = {
			isa = PBXGroup;
			children = (
				7595D44026F96DEB000D0C57 /* Components.app */,
				7595D49A26FA64EF000D0C57 /* ComponentsTests.xctest */,
			);
			name = Products;
			sourceTree = "<group>";
		};
		7595D44226F96DEB000D0C57 /* Components */ = {
			isa = PBXGroup;
			children = (
				7595D46626F978BF000D0C57 /* Example */,
				7595D45726F96E76000D0C57 /* Development */,
				7595D44326F96DEB000D0C57 /* AppDelegate.swift */,
				7595D44526F96DEB000D0C57 /* SceneDelegate.swift */,
				7595D44726F96DEB000D0C57 /* ViewController.swift */,
				7595D44926F96DEB000D0C57 /* Main.storyboard */,
				7595D44C26F96DEE000D0C57 /* Assets.xcassets */,
				7595D44E26F96DEE000D0C57 /* LaunchScreen.storyboard */,
				7595D45126F96DEE000D0C57 /* Info.plist */,
			);
			path = Components;
			sourceTree = "<group>";
		};
		7595D45726F96E76000D0C57 /* Development */ = {
			isa = PBXGroup;
			children = (
				7595D45E26F97159000D0C57 /* Components */,
				7595D45B26F96F77000D0C57 /* Extensions */,
				7595D45826F96E85000D0C57 /* Protocols */,
			);
			path = Development;
			sourceTree = "<group>";
		};
		7595D45826F96E85000D0C57 /* Protocols */ = {
			isa = PBXGroup;
			children = (
				7595D45926F96F59000D0C57 /* ViewCode.swift */,
			);
			path = Protocols;
			sourceTree = "<group>";
		};
		7595D45B26F96F77000D0C57 /* Extensions */ = {
			isa = PBXGroup;
			children = (
				7595D45C26F96FCB000D0C57 /* NSLayoutConstraint+Extensions.swift */,
			);
			path = Extensions;
			sourceTree = "<group>";
		};
		7595D45E26F97159000D0C57 /* Components */ = {
			isa = PBXGroup;
			children = (
				7595D46E26F99053000D0C57 /* Accordion */,
				7595D45F26F97161000D0C57 /* Buttons */,
			);
			path = Components;
			sourceTree = "<group>";
		};
		7595D45F26F97161000D0C57 /* Buttons */ = {
			isa = PBXGroup;
			children = (
				7595D46026F97174000D0C57 /* CheckBox */,
			);
			path = Buttons;
			sourceTree = "<group>";
		};
		7595D46026F97174000D0C57 /* CheckBox */ = {
			isa = PBXGroup;
			children = (
				7595D47826F9B2CA000D0C57 /* Protocols */,
				7595D46126F97183000D0C57 /* Style */,
				7595D46426F973FC000D0C57 /* CheckBox.swift */,
			);
			path = CheckBox;
			sourceTree = "<group>";
		};
		7595D46126F97183000D0C57 /* Style */ = {
			isa = PBXGroup;
			children = (
				7595D46226F97243000D0C57 /* CheckBoxStyle.swift */,
			);
			path = Style;
			sourceTree = "<group>";
		};
		7595D46626F978BF000D0C57 /* Example */ = {
			isa = PBXGroup;
			children = (
				7595D47B26F9B375000D0C57 /* Accordion */,
				7595D46D26F97CE8000D0C57 /* CheckBox */,
			);
			path = Example;
			sourceTree = "<group>";
		};
		7595D46726F978C7000D0C57 /* View */ = {
			isa = PBXGroup;
			children = (
				7595D46926F978DE000D0C57 /* CheckBoxView.swift */,
			);
			path = View;
			sourceTree = "<group>";
		};
		7595D46826F978CC000D0C57 /* ViewController */ = {
			isa = PBXGroup;
			children = (
				7595D46B26F978F6000D0C57 /* CheckBoxViewController.swift */,
			);
			path = ViewController;
			sourceTree = "<group>";
		};
		7595D46D26F97CE8000D0C57 /* CheckBox */ = {
			isa = PBXGroup;
			children = (
				7595D46826F978CC000D0C57 /* ViewController */,
				7595D46726F978C7000D0C57 /* View */,
			);
			path = CheckBox;
			sourceTree = "<group>";
		};
		7595D46E26F99053000D0C57 /* Accordion */ = {
			isa = PBXGroup;
			children = (
				7595D47526F9928A000D0C57 /* Style */,
				7595D46F26F99070000D0C57 /* Protocol */,
				7595D47326F9915C000D0C57 /* Accordion.swift */,
			);
			path = Accordion;
			sourceTree = "<group>";
		};
		7595D46F26F99070000D0C57 /* Protocol */ = {
			isa = PBXGroup;
			children = (
				7595D47026F99111000D0C57 /* AccordionProtocol.swift */,
			);
			path = Protocol;
			sourceTree = "<group>";
		};
		7595D47526F9928A000D0C57 /* Style */ = {
			isa = PBXGroup;
			children = (
				7595D47626F992A5000D0C57 /* AccordionStyle.swift */,
			);
			path = Style;
			sourceTree = "<group>";
		};
		7595D47826F9B2CA000D0C57 /* Protocols */ = {
			isa = PBXGroup;
			children = (
				7595D47926F9B2E7000D0C57 /* CheckBoxStyleDelegate.swift */,
			);
			path = Protocols;
			sourceTree = "<group>";
		};
		7595D47B26F9B375000D0C57 /* Accordion */ = {
			isa = PBXGroup;
			children = (
				7595D47D26F9B384000D0C57 /* ViewController */,
				7595D47C26F9B37F000D0C57 /* View */,
			);
			path = Accordion;
			sourceTree = "<group>";
		};
		7595D47C26F9B37F000D0C57 /* View */ = {
			isa = PBXGroup;
			children = (
				7595D47E26F9B3CC000D0C57 /* AccordionView.swift */,
			);
			path = View;
			sourceTree = "<group>";
		};
		7595D47D26F9B384000D0C57 /* ViewController */ = {
			isa = PBXGroup;
			children = (
				7595D48026F9B42A000D0C57 /* AccordionViewController.swift */,
			);
			path = ViewController;
			sourceTree = "<group>";
		};
		7595D49B26FA64EF000D0C57 /* ComponentsTests */ = {
			isa = PBXGroup;
			children = (
				7595D4A726FA6523000D0C57 /* CheckBoxTests */,
				7595D49E26FA64EF000D0C57 /* Info.plist */,
				7595D4A426FA6514000D0C57 /* ComponentsTests-Bridging-Header.h */,
			);
			path = ComponentsTests;
			sourceTree = "<group>";
		};
		7595D4A726FA6523000D0C57 /* CheckBoxTests */ = {
			isa = PBXGroup;
			children = (
				7595D4A526FA6515000D0C57 /* CheckBoxTests.swift */,
			);
			path = CheckBoxTests;
			sourceTree = "<group>";
		};
/* End PBXGroup section */

/* Begin PBXNativeTarget section */
		7595D43F26F96DEB000D0C57 /* Components */ = {
			isa = PBXNativeTarget;
			buildConfigurationList = 7595D45426F96DEE000D0C57 /* Build configuration list for PBXNativeTarget "Components" */;
			buildPhases = (
				7595D43C26F96DEB000D0C57 /* Sources */,
				7595D43D26F96DEB000D0C57 /* Frameworks */,
				7595D43E26F96DEB000D0C57 /* Resources */,
			);
			buildRules = (
			);
			dependencies = (
			);
			name = Components;
			productName = Components;
			productReference = 7595D44026F96DEB000D0C57 /* Components.app */;
			productType = "com.apple.product-type.application";
		};
		7595D49926FA64EF000D0C57 /* ComponentsTests */ = {
			isa = PBXNativeTarget;
			buildConfigurationList = 7595D4A126FA64EF000D0C57 /* Build configuration list for PBXNativeTarget "ComponentsTests" */;
			buildPhases = (
				7595D49626FA64EF000D0C57 /* Sources */,
				7595D49726FA64EF000D0C57 /* Frameworks */,
				7595D49826FA64EF000D0C57 /* Resources */,
			);
			buildRules = (
			);
			dependencies = (
				7595D4A026FA64EF000D0C57 /* PBXTargetDependency */,
			);
			name = ComponentsTests;
			productName = ComponentsTests;
			productReference = 7595D49A26FA64EF000D0C57 /* ComponentsTests.xctest */;
			productType = "com.apple.product-type.bundle.unit-test";
		};
/* End PBXNativeTarget section */

/* Begin PBXProject section */
		7595D43826F96DEB000D0C57 /* Project object */ = {
			isa = PBXProject;
			attributes = {
				LastSwiftUpdateCheck = 1250;
				LastUpgradeCheck = 1250;
				TargetAttributes = {
					7595D43F26F96DEB000D0C57 = {
						CreatedOnToolsVersion = 12.5.1;
					};
					7595D49926FA64EF000D0C57 = {
						CreatedOnToolsVersion = 12.5.1;
						LastSwiftMigration = 1250;
						TestTargetID = 7595D43F26F96DEB000D0C57;
					};
				};
			};
			buildConfigurationList = 7595D43B26F96DEB000D0C57 /* Build configuration list for PBXProject "Components" */;
			compatibilityVersion = "Xcode 9.3";
			developmentRegion = en;
			hasScannedForEncodings = 0;
			knownRegions = (
				en,
				Base,
			);
			mainGroup = 7595D43726F96DEB000D0C57;
			productRefGroup = 7595D44126F96DEB000D0C57 /* Products */;
			projectDirPath = "";
			projectRoot = "";
			targets = (
				7595D43F26F96DEB000D0C57 /* Components */,
				7595D49926FA64EF000D0C57 /* ComponentsTests */,
			);
		};
/* End PBXProject section */

/* Begin PBXResourcesBuildPhase section */
		7595D43E26F96DEB000D0C57 /* Resources */ = {
			isa = PBXResourcesBuildPhase;
			buildActionMask = 2147483647;
			files = (
				7595D45026F96DEE000D0C57 /* LaunchScreen.storyboard in Resources */,
				7595D44D26F96DEE000D0C57 /* Assets.xcassets in Resources */,
				7595D44B26F96DEB000D0C57 /* Main.storyboard in Resources */,
			);
			runOnlyForDeploymentPostprocessing = 0;
		};
		7595D49826FA64EF000D0C57 /* Resources */ = {
			isa = PBXResourcesBuildPhase;
			buildActionMask = 2147483647;
			files = (
			);
			runOnlyForDeploymentPostprocessing = 0;
		};
/* End PBXResourcesBuildPhase section */

/* Begin PBXSourcesBuildPhase section */
		7595D43C26F96DEB000D0C57 /* Sources */ = {
			isa = PBXSourcesBuildPhase;
			buildActionMask = 2147483647;
			files = (
				7595D46326F97243000D0C57 /* CheckBoxStyle.swift in Sources */,
				7595D44826F96DEB000D0C57 /* ViewController.swift in Sources */,
				7595D47426F9915C000D0C57 /* Accordion.swift in Sources */,
				7595D47F26F9B3CC000D0C57 /* AccordionView.swift in Sources */,
				7595D44426F96DEB000D0C57 /* AppDelegate.swift in Sources */,
				7595D46A26F978DE000D0C57 /* CheckBoxView.swift in Sources */,
				7595D44626F96DEB000D0C57 /* SceneDelegate.swift in Sources */,
				7595D48126F9B42A000D0C57 /* AccordionViewController.swift in Sources */,
				7595D46526F973FC000D0C57 /* CheckBox.swift in Sources */,
				7595D47126F99111000D0C57 /* AccordionProtocol.swift in Sources */,
				7595D45D26F96FCB000D0C57 /* NSLayoutConstraint+Extensions.swift in Sources */,
				7595D45A26F96F59000D0C57 /* ViewCode.swift in Sources */,
				7595D47726F992A5000D0C57 /* AccordionStyle.swift in Sources */,
				7595D47A26F9B2E7000D0C57 /* CheckBoxStyleDelegate.swift in Sources */,
				7595D46C26F978F6000D0C57 /* CheckBoxViewController.swift in Sources */,
			);
			runOnlyForDeploymentPostprocessing = 0;
		};
		7595D49626FA64EF000D0C57 /* Sources */ = {
			isa = PBXSourcesBuildPhase;
			buildActionMask = 2147483647;
			files = (
				7595D4A626FA6515000D0C57 /* CheckBoxTests.swift in Sources */,
			);
			runOnlyForDeploymentPostprocessing = 0;
		};
/* End PBXSourcesBuildPhase section */

/* Begin PBXTargetDependency section */
		7595D4A026FA64EF000D0C57 /* PBXTargetDependency */ = {
			isa = PBXTargetDependency;
			target = 7595D43F26F96DEB000D0C57 /* Components */;
			targetProxy = 7595D49F26FA64EF000D0C57 /* PBXContainerItemProxy */;
		};
/* End PBXTargetDependency section */

/* Begin PBXVariantGroup section */
		7595D44926F96DEB000D0C57 /* Main.storyboard */ = {
			isa = PBXVariantGroup;
			children = (
				7595D44A26F96DEB000D0C57 /* Base */,
			);
			name = Main.storyboard;
			sourceTree = "<group>";
		};
		7595D44E26F96DEE000D0C57 /* LaunchScreen.storyboard */ = {
			isa = PBXVariantGroup;
			children = (
				7595D44F26F96DEE000D0C57 /* Base */,
			);
			name = LaunchScreen.storyboard;
			sourceTree = "<group>";
		};
/* End PBXVariantGroup section */

/* Begin XCBuildConfiguration section */
		7595D45226F96DEE000D0C57 /* Debug */ = {
			isa = XCBuildConfiguration;
			buildSettings = {
				ALWAYS_SEARCH_USER_PATHS = NO;
				CLANG_ANALYZER_NONNULL = YES;
				CLANG_ANALYZER_NUMBER_OBJECT_CONVERSION = YES_AGGRESSIVE;
				CLANG_CXX_LANGUAGE_STANDARD = "gnu++14";
				CLANG_CXX_LIBRARY = "libc++";
				CLANG_ENABLE_MODULES = YES;
				CLANG_ENABLE_OBJC_ARC = YES;
				CLANG_ENABLE_OBJC_WEAK = YES;
				CLANG_WARN_BLOCK_CAPTURE_AUTORELEASING = YES;
				CLANG_WARN_BOOL_CONVERSION = YES;
				CLANG_WARN_COMMA = YES;
				CLANG_WARN_CONSTANT_CONVERSION = YES;
				CLANG_WARN_DEPRECATED_OBJC_IMPLEMENTATIONS = YES;
				CLANG_WARN_DIRECT_OBJC_ISA_USAGE = YES_ERROR;
				CLANG_WARN_DOCUMENTATION_COMMENTS = YES;
				CLANG_WARN_EMPTY_BODY = YES;
				CLANG_WARN_ENUM_CONVERSION = YES;
				CLANG_WARN_INFINITE_RECURSION = YES;
				CLANG_WARN_INT_CONVERSION = YES;
				CLANG_WARN_NON_LITERAL_NULL_CONVERSION = YES;
				CLANG_WARN_OBJC_IMPLICIT_RETAIN_SELF = YES;
				CLANG_WARN_OBJC_LITERAL_CONVERSION = YES;
				CLANG_WARN_OBJC_ROOT_CLASS = YES_ERROR;
				CLANG_WARN_QUOTED_INCLUDE_IN_FRAMEWORK_HEADER = YES;
				CLANG_WARN_RANGE_LOOP_ANALYSIS = YES;
				CLANG_WARN_STRICT_PROTOTYPES = YES;
				CLANG_WARN_SUSPICIOUS_MOVE = YES;
				CLANG_WARN_UNGUARDED_AVAILABILITY = YES_AGGRESSIVE;
				CLANG_WARN_UNREACHABLE_CODE = YES;
				CLANG_WARN__DUPLICATE_METHOD_MATCH = YES;
				COPY_PHASE_STRIP = NO;
				DEBUG_INFORMATION_FORMAT = dwarf;
				ENABLE_STRICT_OBJC_MSGSEND = YES;
				ENABLE_TESTABILITY = YES;
				GCC_C_LANGUAGE_STANDARD = gnu11;
				GCC_DYNAMIC_NO_PIC = NO;
				GCC_NO_COMMON_BLOCKS = YES;
				GCC_OPTIMIZATION_LEVEL = 0;
				GCC_PREPROCESSOR_DEFINITIONS = (
					"DEBUG=1",
					"$(inherited)",
				);
				GCC_WARN_64_TO_32_BIT_CONVERSION = YES;
				GCC_WARN_ABOUT_RETURN_TYPE = YES_ERROR;
				GCC_WARN_UNDECLARED_SELECTOR = YES;
				GCC_WARN_UNINITIALIZED_AUTOS = YES_AGGRESSIVE;
				GCC_WARN_UNUSED_FUNCTION = YES;
				GCC_WARN_UNUSED_VARIABLE = YES;
				IPHONEOS_DEPLOYMENT_TARGET = 13.0;
				MTL_ENABLE_DEBUG_INFO = INCLUDE_SOURCE;
				MTL_FAST_MATH = YES;
				ONLY_ACTIVE_ARCH = YES;
				SDKROOT = iphoneos;
				SWIFT_ACTIVE_COMPILATION_CONDITIONS = DEBUG;
				SWIFT_OPTIMIZATION_LEVEL = "-Onone";
			};
			name = Debug;
		};
		7595D45326F96DEE000D0C57 /* Release */ = {
			isa = XCBuildConfiguration;
			buildSettings = {
				ALWAYS_SEARCH_USER_PATHS = NO;
				CLANG_ANALYZER_NONNULL = YES;
				CLANG_ANALYZER_NUMBER_OBJECT_CONVERSION = YES_AGGRESSIVE;
				CLANG_CXX_LANGUAGE_STANDARD = "gnu++14";
				CLANG_CXX_LIBRARY = "libc++";
				CLANG_ENABLE_MODULES = YES;
				CLANG_ENABLE_OBJC_ARC = YES;
				CLANG_ENABLE_OBJC_WEAK = YES;
				CLANG_WARN_BLOCK_CAPTURE_AUTORELEASING = YES;
				CLANG_WARN_BOOL_CONVERSION = YES;
				CLANG_WARN_COMMA = YES;
				CLANG_WARN_CONSTANT_CONVERSION = YES;
				CLANG_WARN_DEPRECATED_OBJC_IMPLEMENTATIONS = YES;
				CLANG_WARN_DIRECT_OBJC_ISA_USAGE = YES_ERROR;
				CLANG_WARN_DOCUMENTATION_COMMENTS = YES;
				CLANG_WARN_EMPTY_BODY = YES;
				CLANG_WARN_ENUM_CONVERSION = YES;
				CLANG_WARN_INFINITE_RECURSION = YES;
				CLANG_WARN_INT_CONVERSION = YES;
				CLANG_WARN_NON_LITERAL_NULL_CONVERSION = YES;
				CLANG_WARN_OBJC_IMPLICIT_RETAIN_SELF = YES;
				CLANG_WARN_OBJC_LITERAL_CONVERSION = YES;
				CLANG_WARN_OBJC_ROOT_CLASS = YES_ERROR;
				CLANG_WARN_QUOTED_INCLUDE_IN_FRAMEWORK_HEADER = YES;
				CLANG_WARN_RANGE_LOOP_ANALYSIS = YES;
				CLANG_WARN_STRICT_PROTOTYPES = YES;
				CLANG_WARN_SUSPICIOUS_MOVE = YES;
				CLANG_WARN_UNGUARDED_AVAILABILITY = YES_AGGRESSIVE;
				CLANG_WARN_UNREACHABLE_CODE = YES;
				CLANG_WARN__DUPLICATE_METHOD_MATCH = YES;
				COPY_PHASE_STRIP = NO;
				DEBUG_INFORMATION_FORMAT = "dwarf-with-dsym";
				ENABLE_NS_ASSERTIONS = NO;
				ENABLE_STRICT_OBJC_MSGSEND = YES;
				GCC_C_LANGUAGE_STANDARD = gnu11;
				GCC_NO_COMMON_BLOCKS = YES;
				GCC_WARN_64_TO_32_BIT_CONVERSION = YES;
				GCC_WARN_ABOUT_RETURN_TYPE = YES_ERROR;
				GCC_WARN_UNDECLARED_SELECTOR = YES;
				GCC_WARN_UNINITIALIZED_AUTOS = YES_AGGRESSIVE;
				GCC_WARN_UNUSED_FUNCTION = YES;
				GCC_WARN_UNUSED_VARIABLE = YES;
				IPHONEOS_DEPLOYMENT_TARGET = 13.0;
				MTL_ENABLE_DEBUG_INFO = NO;
				MTL_FAST_MATH = YES;
				SDKROOT = iphoneos;
				SWIFT_COMPILATION_MODE = wholemodule;
				SWIFT_OPTIMIZATION_LEVEL = "-O";
				VALIDATE_PRODUCT = YES;
			};
			name = Release;
		};
		7595D45526F96DEE000D0C57 /* Debug */ = {
			isa = XCBuildConfiguration;
			buildSettings = {
				ASSETCATALOG_COMPILER_APPICON_NAME = AppIcon;
				ASSETCATALOG_COMPILER_GLOBAL_ACCENT_COLOR_NAME = AccentColor;
				CODE_SIGN_STYLE = Automatic;
				DEVELOPMENT_TEAM = 5AQ2VR4HU3;
				INFOPLIST_FILE = Components/Info.plist;
				LD_RUNPATH_SEARCH_PATHS = (
					"$(inherited)",
					"@executable_path/Frameworks",
				);
				PRODUCT_BUNDLE_IDENTIFIER = com.luisferreira.Components;
				PRODUCT_NAME = "$(TARGET_NAME)";
				SWIFT_VERSION = 5.0;
				TARGETED_DEVICE_FAMILY = "1,2";
			};
			name = Debug;
		};
		7595D45626F96DEE000D0C57 /* Release */ = {
			isa = XCBuildConfiguration;
			buildSettings = {
				ASSETCATALOG_COMPILER_APPICON_NAME = AppIcon;
				ASSETCATALOG_COMPILER_GLOBAL_ACCENT_COLOR_NAME = AccentColor;
				CODE_SIGN_STYLE = Automatic;
				DEVELOPMENT_TEAM = 5AQ2VR4HU3;
				INFOPLIST_FILE = Components/Info.plist;
				LD_RUNPATH_SEARCH_PATHS = (
					"$(inherited)",
					"@executable_path/Frameworks",
				);
				PRODUCT_BUNDLE_IDENTIFIER = com.luisferreira.Components;
				PRODUCT_NAME = "$(TARGET_NAME)";
				SWIFT_VERSION = 5.0;
				TARGETED_DEVICE_FAMILY = "1,2";
			};
			name = Release;
		};
		7595D4A226FA64EF000D0C57 /* Debug */ = {
			isa = XCBuildConfiguration;
			buildSettings = {
				BUNDLE_LOADER = "$(TEST_HOST)";
				CLANG_ENABLE_MODULES = YES;
				CODE_SIGN_STYLE = Automatic;
				DEVELOPMENT_TEAM = 5AQ2VR4HU3;
				INFOPLIST_FILE = ComponentsTests/Info.plist;
				IPHONEOS_DEPLOYMENT_TARGET = 14.5;
				LD_RUNPATH_SEARCH_PATHS = (
					"$(inherited)",
					"@executable_path/Frameworks",
					"@loader_path/Frameworks",
				);
				PRODUCT_BUNDLE_IDENTIFIER = com.luisferreira.ComponentsTests;
				PRODUCT_NAME = "$(TARGET_NAME)";
				SWIFT_OBJC_BRIDGING_HEADER = "ComponentsTests/ComponentsTests-Bridging-Header.h";
				SWIFT_OPTIMIZATION_LEVEL = "-Onone";
				SWIFT_VERSION = 5.0;
				TARGETED_DEVICE_FAMILY = "1,2";
				TEST_HOST = "$(BUILT_PRODUCTS_DIR)/Components.app/Components";
			};
			name = Debug;
		};
		7595D4A326FA64EF000D0C57 /* Release */ = {
			isa = XCBuildConfiguration;
			buildSettings = {
				BUNDLE_LOADER = "$(TEST_HOST)";
				CLANG_ENABLE_MODULES = YES;
				CODE_SIGN_STYLE = Automatic;
				DEVELOPMENT_TEAM = 5AQ2VR4HU3;
				INFOPLIST_FILE = ComponentsTests/Info.plist;
				IPHONEOS_DEPLOYMENT_TARGET = 14.5;
				LD_RUNPATH_SEARCH_PATHS = (
					"$(inherited)",
					"@executable_path/Frameworks",
					"@loader_path/Frameworks",
				);
				PRODUCT_BUNDLE_IDENTIFIER = com.luisferreira.ComponentsTests;
				PRODUCT_NAME = "$(TARGET_NAME)";
				SWIFT_OBJC_BRIDGING_HEADER = "ComponentsTests/ComponentsTests-Bridging-Header.h";
				SWIFT_VERSION = 5.0;
				TARGETED_DEVICE_FAMILY = "1,2";
				TEST_HOST = "$(BUILT_PRODUCTS_DIR)/Components.app/Components";
			};
			name = Release;
		};
/* End XCBuildConfiguration section */

/* Begin XCConfigurationList section */
		7595D43B26F96DEB000D0C57 /* Build configuration list for PBXProject "Components" */ = {
			isa = XCConfigurationList;
			buildConfigurations = (
				7595D45226F96DEE000D0C57 /* Debug */,
				7595D45326F96DEE000D0C57 /* Release */,
			);
			defaultConfigurationIsVisible = 0;
			defaultConfigurationName = Release;
		};
		7595D45426F96DEE000D0C57 /* Build configuration list for PBXNativeTarget "Components" */ = {
			isa = XCConfigurationList;
			buildConfigurations = (
				7595D45526F96DEE000D0C57 /* Debug */,
				7595D45626F96DEE000D0C57 /* Release */,
			);
			defaultConfigurationIsVisible = 0;
			defaultConfigurationName = Release;
		};
		7595D4A126FA64EF000D0C57 /* Build configuration list for PBXNativeTarget "ComponentsTests" */ = {
			isa = XCConfigurationList;
			buildConfigurations = (
				7595D4A226FA64EF000D0C57 /* Debug */,
				7595D4A326FA64EF000D0C57 /* Release */,
			);
			defaultConfigurationIsVisible = 0;
			defaultConfigurationName = Release;
		};
/* End XCConfigurationList section */
	};
	rootObject = 7595D43826F96DEB000D0C57 /* Project object */;
}
